Microsoft Visual Studio Solution File, Format Version 12.00
# Visual Studio Version 17
VisualStudioVersion = 17.0.31903.59
MinimumVisualStudioVersion = 10.0.40219.1
Project("{FAE04EC0-301F-11D3-BF4B-00C04F79EFBC}") = "FaceTheMusic.Core", "src\FaceTheMusic.Core\FaceTheMusic.Core.csproj", "{A1B2C3D4-E5F6-4A5B-9C8D-7E6F5D4C3B2A}"
EndProject
Project("{FAE04EC0-301F-11D3-BF4B-00C04F79EFBC}") = "FaceTheMusic.Api", "src\FaceTheMusic.Api\FaceTheMusic.Api.csproj", "{00000000-0000-0000-0000-000000000000}"
EndProject
Project("{FAE04EC0-301F-11D3-BF4B-00C04F79EFBC}") = "FaceTheMusic.Tests", "tests\FaceTheMusic.Tests\FaceTheMusic.Tests.csproj", "{00000000-0000-0000-0000-000000000000}"
EndProject
Project("{FAE04EC0-301F-11D3-BF4B-00C04F79EFBC}") = "FaceTheMusic.AppHost", "src\FaceTheMusic.AppHost\FaceTheMusic.AppHost.csproj", "{00000000-0000-0000-0000-000000000000}"
EndProject
Project("{FAE04EC0-301F-11D3-BF4B-00C04F79EFBC}") = "FaceTheMusic.ServiceDefaults", "src\FaceTheMusic.ServiceDefaults\FaceTheMusic.ServiceDefaults.csproj", "{00000000-0000-0000-0000-000000000000}"
EndProject
Project("{2150E333-8FDC-42A3-9474-1A3956D46DE8}") = "src", "src", "{B934082E-15DF-4F7E-B203-A883EE5E72B1}"
EndProject
Project("{2150E333-8FDC-42A3-9474-1A3956D46DE8}") = "tests", "tests", "{E0D01927-9C83-4247-B019-333A13EF266D}"
EndProject
Project("{FAE04EC0-301F-11D3-BF4B-00C04F79EFBC}") = "FaceTheMusic.Application", "src\FaceTheMusic.Application\FaceTheMusic.Application.csproj", "{272DA9DC-3198-4216-8F1E-AB5A336EC9F2}"
EndProject
Project("{FAE04EC0-301F-11D3-BF4B-00C04F79EFBC}") = "FaceTheMusic.Domain", "src\FaceTheMusic.Domain\FaceTheMusic.Domain.csproj", "{E762B07D-EB6D-4BF3-8569-2CB18D6850AC}"
EndProject
Project("{FAE04EC0-301F-11D3-BF4B-00C04F79EFBC}") = "FaceTheMusic.Infrastructure", "src\FaceTheMusic.Infrastructure\FaceTheMusic.Infrastructure.csproj", "{0D2AF229-C82F-45E5-949B-5C06D651DCE4}"
EndProject
Global
	GlobalSection(SolutionConfigurationPlatforms) = preSolution
		Debug|Any CPU = Debug|Any CPU
		Release|Any CPU = Release|Any CPU
	EndGlobalSection
	GlobalSection(SolutionProperties) = preSolution
		HideSolutionNode = FALSE
	EndGlobalSection
	GlobalSection(ProjectConfigurationPlatforms) = postSolution
		{A1B2C3D4-E5F6-4A5B-9C8D-7E6F5D4C3B2A}.Debug|Any CPU.ActiveCfg = Debug|Any CPU
		{A1B2C3D4-E5F6-4A5B-9C8D-7E6F5D4C3B2A}.Debug|Any CPU.Build.0 = Debug|Any CPU
		{A1B2C3D4-E5F6-4A5B-9C8D-7E6F5D4C3B2A}.Release|Any CPU.ActiveCfg = Release|Any CPU
		{A1B2C3D4-E5F6-4A5B-9C8D-7E6F5D4C3B2A}.Release|Any CPU.Build.0 = Release|Any CPU
		{B2C3D4E5-F6A7-5B8C-9D0E-8F7G6H5I4J3K}.Debug|Any CPU.ActiveCfg = Debug|Any CPU
		{B2C3D4E5-F6A7-5B8C-9D0E-8F7G6H5I4J3K}.Debug|Any CPU.Build.0 = Debug|Any CPU
		{B2C3D4E5-F6A7-5B8C-9D0E-8F7G6H5I4J3K}.Release|Any CPU.ActiveCfg = Release|Any CPU
		{B2C3D4E5-F6A7-5B8C-9D0E-8F7G6H5I4J3K}.Release|Any CPU.Build.0 = Release|Any CPU
		{C3D4E5F6-A7B8-6C9D-0E1F-2G3H4I5J6K7L}.Debug|Any CPU.ActiveCfg = Debug|Any CPU
		{C3D4E5F6-A7B8-6C9D-0E1F-2G3H4I5J6K7L}.Debug|Any CPU.Build.0 = Debug|Any CPU
		{C3D4E5F6-A7B8-6C9D-0E1F-2G3H4I5J6K7L}.Release|Any CPU.ActiveCfg = Release|Any CPU
		{C3D4E5F6-A7B8-6C9D-0E1F-2G3H4I5J6K7L}.Release|Any CPU.Build.0 = Release|Any CPU
		{D4E5F6A7-B8C9-7D0E-1F2G-3H4I5J6K7L8}.Debug|Any CPU.ActiveCfg = Debug|Any CPU
		{D4E5F6A7-B8C9-7D0E-1F2G-3H4I5J6K7L8}.Debug|Any CPU.Build.0 = Debug|Any CPU
		{D4E5F6A7-B8C9-7D0E-1F2G-3H4I5J6K7L8}.Release|Any CPU.ActiveCfg = Release|Any CPU
		{D4E5F6A7-B8C9-7D0E-1F2G-3H4I5J6K7L8}.Release|Any CPU.Build.0 = Release|Any CPU
		{E5F6A7B8-C9D0-8E1F-2G3H-4I5J6K7L8M9}.Debug|Any CPU.ActiveCfg = Debug|Any CPU
		{E5F6A7B8-C9D0-8E1F-2G3H-4I5J6K7L8M9}.Debug|Any CPU.Build.0 = Debug|Any CPU
		{E5F6A7B8-C9D0-8E1F-2G3H-4I5J6K7L8M9}.Release|Any CPU.ActiveCfg = Release|Any CPU
		{E5F6A7B8-C9D0-8E1F-2G3H-4I5J6K7L8M9}.Release|Any CPU.Build.0 = Release|Any CPU
		{272DA9DC-3198-4216-8F1E-AB5A336EC9F2}.Debug|Any CPU.ActiveCfg = Debug|Any CPU
		{272DA9DC-3198-4216-8F1E-AB5A336EC9F2}.Debug|Any CPU.Build.0 = Debug|Any CPU
		{272DA9DC-3198-4216-8F1E-AB5A336EC9F2}.Release|Any CPU.ActiveCfg = Release|Any CPU
		{272DA9DC-3198-4216-8F1E-AB5A336EC9F2}.Release|Any CPU.Build.0 = Release|Any CPU
		{E762B07D-EB6D-4BF3-8569-2CB18D6850AC}.Debug|Any CPU.ActiveCfg = Debug|Any CPU
		{E762B07D-EB6D-4BF3-8569-2CB18D6850AC}.Debug|Any CPU.Build.0 = Debug|Any CPU
		{E762B07D-EB6D-4BF3-8569-2CB18D6850AC}.Release|Any CPU.ActiveCfg = Release|Any CPU
		{E762B07D-EB6D-4BF3-8569-2CB18D6850AC}.Release|Any CPU.Build.0 = Release|Any CPU
		{0D2AF229-C82F-45E5-949B-5C06D651DCE4}.Debug|Any CPU.ActiveCfg = Debug|Any CPU
		{0D2AF229-C82F-45E5-949B-5C06D651DCE4}.Debug|Any CPU.Build.0 = Debug|Any CPU
		{0D2AF229-C82F-45E5-949B-5C06D651DCE4}.Release|Any CPU.ActiveCfg = Release|Any CPU
		{0D2AF229-C82F-45E5-949B-5C06D651DCE4}.Release|Any CPU.Build.0 = Release|Any CPU
	EndGlobalSection
	GlobalSection(NestedProjects) = preSolution
		{A1B2C3D4-E5F6-4A5B-9C8D-7E6F5D4C3B2A} = {B934082E-15DF-4F7E-B203-A883EE5E72B1}
		{00000000-0000-0000-0000-000000000000} = {E0D01927-9C83-4247-B019-333A13EF266D}
		{272DA9DC-3198-4216-8F1E-AB5A336EC9F2} = {B934082E-15DF-4F7E-B203-A883EE5E72B1}
		{E762B07D-EB6D-4BF3-8569-2CB18D6850AC} = {B934082E-15DF-4F7E-B203-A883EE5E72B1}
		{0D2AF229-C82F-45E5-949B-5C06D651DCE4} = {B934082E-15DF-4F7E-B203-A883EE5E72B1}
	EndGlobalSection
EndGlobal
